<?xml version="1.0" encoding="utf-8"?>
<Project ToolsVersion="4.0" xmlns="http://schemas.microsoft.com/developer/msbuild/2003">
  <ItemGroup>
    <Filter Include="Particle systems">
      <UniqueIdentifier>{fa5bbc3d-474a-4b70-ba7a-277abdc84449}</UniqueIdentifier>
    </Filter>
    <Filter Include="Render actors">
      <UniqueIdentifier>{7cafef52-13ac-4ee8-918c-0d7f662af05c}</UniqueIdentifier>
    </Filter>
    <Filter Include="SampleBase">
      <UniqueIdentifier>{9f374987-942f-4a31-bb95-d00468b5fd77}</UniqueIdentifier>
    </Filter>
    <Filter Include="Helpers">
      <UniqueIdentifier>{f87c07b6-2606-41bf-8b92-2eedf917c34f}</UniqueIdentifier>
    </Filter>
  </ItemGroup>
  <ItemGroup>
    <ClCompile Include="..\..\SampleBase\ParticleEmitter.cpp">
      <Filter>Particle systems</Filter>
    </ClCompile>
    <ClCompile Include="..\..\SampleBase\ParticleEmitterPressure.cpp">
      <Filter>Particle systems</Filter>
    </ClCompile>
    <ClCompile Include="..\..\SampleBase\ParticleEmitterRate.cpp">
      <Filter>Particle systems</Filter>
    </ClCompile>
    <ClCompile Include="..\..\SampleBase\ParticleFactory.cpp">
      <Filter>Particle systems</Filter>
    </ClCompile>
    <ClCompile Include="..\..\SampleBase\ParticleSystem.cpp">
      <Filter>Particle systems</Filter>
    </ClCompile>
    <ClCompile Include="..\..\SampleBase\RenderBaseActor.cpp">
      <Filter>Render actors</Filter>
    </ClCompile>
    <ClCompile Include="..\..\SampleBase\RenderBaseObject.cpp">
      <Filter>Render actors</Filter>
    </ClCompile>
    <ClCompile Include="..\..\SampleBase\RenderBoxActor.cpp">
      <Filter>Render actors</Filter>
    </ClCompile>
    <ClCompile Include="..\..\SampleBase\RenderCapsuleActor.cpp">
      <Filter>Render actors</Filter>
    </ClCompile>
    <ClCompile Include="..\..\SampleBase\RenderGridActor.cpp">
      <Filter>Render actors</Filter>
    </ClCompile>
    <ClCompile Include="..\..\SampleBase\RenderMaterial.cpp">
      <Filter>Render actors</Filter>
    </ClCompile>
    <ClCompile Include="..\..\SampleBase\RenderMeshActor.cpp">
      <Filter>Render actors</Filter>
    </ClCompile>
    <ClCompile Include="..\..\SampleBase\RenderParticleSystemActor.cpp">
      <Filter>Render actors</Filter>
    </ClCompile>
    <ClCompile Include="..\..\SampleBase\RenderSphereActor.cpp">
      <Filter>Render actors</Filter>
    </ClCompile>
    <ClCompile Include="..\..\SampleBase\RenderTexture.cpp">
      <Filter>Render actors</Filter>
    </ClCompile>
    <ClCompile Include="..\..\SampleBase\RenderClothActor.cpp">
      <Filter>Render actors</Filter>
    </ClCompile>
    <ClCompile Include="..\..\SampleBase\RaycastCCD.cpp">
      <Filter>SampleBase</Filter>
    </ClCompile>
    <ClCompile Include="..\..\SampleBase\SampleCamera.cpp">
      <Filter>SampleBase</Filter>
    </ClCompile>
    <ClCompile Include="..\..\SampleBase\SampleCameraController.cpp">
      <Filter>SampleBase</Filter>
    </ClCompile>
    <ClCompile Include="..\..\SampleBase\SampleConsole.cpp">
      <Filter>SampleBase</Filter>
    </ClCompile>
    <ClCompile Include="..\..\SampleBase\SampleMain.cpp">
      <Filter>SampleBase</Filter>
    </ClCompile>
    <ClCompile Include="..\..\SampleBase\SampleStepper.cpp">
      <Filter>SampleBase</Filter>
    </ClCompile>
    <ClCompile Include="..\..\SampleBase\TestGroup.cpp">
      <Filter>SampleBase</Filter>
    </ClCompile>
    <ClCompile Include="..\..\SampleBase\PhysXSample.cpp">
      <Filter>SampleBase</Filter>
    </ClCompile>
    <ClCompile Include="..\..\SampleBase\PhysXSampleApplication.cpp">
      <Filter>SampleBase</Filter>
    </ClCompile>
    <ClCompile Include="..\..\SampleBase\SampleInputMappingAsset.cpp">
      <Filter>SampleBase</Filter>
    </ClCompile>
    <ClCompile Include="..\..\SampleBase\Picking.cpp">
      <Filter>SampleBase</Filter>
    </ClCompile>
    <ClCompile Include="..\..\SampleBase\RawLoader.cpp">
      <Filter>Helpers</Filter>
    </ClCompile>
    <ClCompile Include="..\..\SampleBase\SampleAllocator.cpp">
      <Filter>Helpers</Filter>
    </ClCompile>
    <ClCompile Include="..\..\SampleBase\SampleMouseFilter.cpp">
      <Filter>Helpers</Filter>
    </ClCompile>
    <ClCompile Include="..\..\SampleBase\SampleRandomPrecomputed.cpp">
      <Filter>Helpers</Filter>
    </ClCompile>
    <ClCompile Include="..\..\SampleBase\RenderPhysX3Debug.cpp">
      <Filter>Helpers</Filter>
    </ClCompile>
    <ClCompile Include="..\..\SampleBase\wavefront.cpp">
      <Filter>Helpers</Filter>
    </ClCompile>
    <ClCompile Include="..\..\SampleBase\SampleCharacterHelpers.cpp">
      <Filter>Helpers</Filter>
    </ClCompile>
    <ClCompile Include="..\..\SampleBase\AcclaimLoader.cpp">
      <Filter>Helpers</Filter>
    </ClCompile>
    <ClCompile Include="..\..\SampleBase\TestMotionGenerator.cpp">
      <Filter>Helpers</Filter>
    </ClCompile>
    <ClCompile Include="..\..\SampleBase\TestGeometryHelpers.cpp">
      <Filter>Helpers</Filter>
    </ClCompile>
    <ClCompile Include="..\..\SampleBase\TestClothHelpers.cpp">
      <Filter>Helpers</Filter>
    </ClCompile>
  </ItemGroup>
  <ItemGroup>
    <ClInclude Include="..\..\SampleBase\ParticleEmitter.h">
      <Filter>Particle systems</Filter>
    </ClInclude>
    <ClInclude Include="..\..\SampleBase\ParticleEmitterPressure.h">
      <Filter>Particle systems</Filter>
    </ClInclude>
    <ClInclude Include="..\..\SampleBase\ParticleEmitterRate.h">
      <Filter>Particle systems</Filter>
    </ClInclude>
    <ClInclude Include="..\..\SampleBase\ParticleFactory.h">
      <Filter>Particle systems</Filter>
    </ClInclude>
    <ClInclude Include="..\..\SampleBase\ParticleSystem.h">
      <Filter>Particle systems</Filter>
    </ClInclude>
    <ClInclude Include="..\..\SampleBase\RenderBaseActor.h">
      <Filter>Render actors</Filter>
    </ClInclude>
    <ClInclude Include="..\..\SampleBase\RenderBaseObject.h">
      <Filter>Render actors</Filter>
    </ClInclude>
    <ClInclude Include="..\..\SampleBase\RenderBoxActor.h">
      <Filter>Render actors</Filter>
    </ClInclude>
    <ClInclude Include="..\..\SampleBase\RenderCapsuleActor.h">
      <Filter>Render actors</Filter>
    </ClInclude>
    <ClInclude Include="..\..\SampleBase\RenderGridActor.h">
      <Filter>Render actors</Filter>
    </ClInclude>
    <ClInclude Include="..\..\SampleBase\RenderMaterial.h">
      <Filter>Render actors</Filter>
    </ClInclude>
    <ClInclude Include="..\..\SampleBase\RenderMeshActor.h">
      <Filter>Render actors</Filter>
    </ClInclude>
    <ClInclude Include="..\..\SampleBase\RenderParticleSystemActor.h">
      <Filter>Render actors</Filter>
    </ClInclude>
    <ClInclude Include="..\..\SampleBase\RenderSphereActor.h">
      <Filter>Render actors</Filter>
    </ClInclude>
    <ClInclude Include="..\..\SampleBase\RenderTexture.h">
      <Filter>Render actors</Filter>
    </ClInclude>
    <ClInclude Include="..\..\SampleBase\RenderClothActor.h">
      <Filter>Render actors</Filter>
    </ClInclude>
    <ClInclude Include="..\..\SampleBase\RaycastCCD.h">
      <Filter>SampleBase</Filter>
    </ClInclude>
    <ClInclude Include="..\..\SampleBase\SampleCamera.h">
      <Filter>SampleBase</Filter>
    </ClInclude>
    <ClInclude Include="..\..\SampleBase\SampleCameraController.h">
      <Filter>SampleBase</Filter>
    </ClInclude>
    <ClInclude Include="..\..\SampleBase\SampleConsole.h">
      <Filter>SampleBase</Filter>
    </ClInclude>
    <ClInclude Include="..\..\SampleBase\SamplePreprocessor.h">
      <Filter>SampleBase</Filter>
    </ClInclude>
    <ClInclude Include="..\..\SampleBase\SampleStepper.h">
      <Filter>SampleBase</Filter>
    </ClInclude>
    <ClInclude Include="..\..\SampleBase\SampleUtils.h">
      <Filter>SampleBase</Filter>
    </ClInclude>
    <ClInclude Include="..\..\SampleBase\Test.h">
      <Filter>SampleBase</Filter>
    </ClInclude>
    <ClInclude Include="..\..\SampleBase\SampleArray.h">
      <Filter>SampleBase</Filter>
    </ClInclude>
    <ClInclude Include="..\..\SampleBase\TestGroup.h">
      <Filter>SampleBase</Filter>
    </ClInclude>
    <ClInclude Include="..\..\SampleBase\PhysXSample.h">
      <Filter>SampleBase</Filter>
    </ClInclude>
    <ClInclude Include="..\..\SampleBase\PhysXSampleApplication.h">
      <Filter>SampleBase</Filter>
    </ClInclude>
    <ClInclude Include="..\..\SampleBase\SampleInputMappingAsset.h">
      <Filter>SampleBase</Filter>
    </ClInclude>
    <ClInclude Include="..\..\SampleBase\SampleBaseInputEventIds.h">
      <Filter>SampleBase</Filter>
    </ClInclude>
    <ClInclude Include="..\..\SampleBase\SampleUserInputDefines.h">
      <Filter>SampleBase</Filter>
    </ClInclude>
    <ClInclude Include="..\..\SampleBase\Picking.h">
      <Filter>SampleBase</Filter>
    </ClInclude>
    <ClInclude Include="..\..\SampleBase\RawLoader.h">
      <Filter>Helpers</Filter>
    </ClInclude>
    <ClInclude Include="..\..\SampleBase\SampleAllocator.h">
      <Filter>Helpers</Filter>
    </ClInclude>
    <ClInclude Include="..\..\SampleBase\SampleAllocatorSDKClasses.h">
      <Filter>Helpers</Filter>
    </ClInclude>
    <ClInclude Include="..\..\SampleBase\SampleMouseFilter.h">
      <Filter>Helpers</Filter>
    </ClInclude>
    <ClInclude Include="..\..\SampleBase\SampleRandomPrecomputed.h">
      <Filter>Helpers</Filter>
    </ClInclude>
    <ClInclude Include="..\..\SampleBase\RenderPhysX3Debug.h">
      <Filter>Helpers</Filter>
    </ClInclude>
    <ClInclude Include="..\..\SampleBase\wavefront.h">
      <Filter>Helpers</Filter>
    </ClInclude>
    <ClInclude Include="..\..\SampleBase\SampleCharacterHelpers.h">
      <Filter>Helpers</Filter>
    </ClInclude>
    <ClInclude Include="..\..\SampleBase\AcclaimLoader.h">
      <Filter>Helpers</Filter>
    </ClInclude>
    <ClInclude Include="..\..\SampleBase\TestMotionGenerator.h">
      <Filter>Helpers</Filter>
    </ClInclude>
    <ClInclude Include="..\..\SampleBase\TestGeometryHelpers.h">
      <Filter>Helpers</Filter>
    </ClInclude>
    <ClInclude Include="..\..\SampleBase\TestClothHelpers.h">
      <Filter>Helpers</Filter>
    </ClInclude>
  </ItemGroup>
</Project>