<?xml version="1.0" encoding="utf-8"?>
<Project ToolsVersion="4.0" xmlns="http://schemas.microsoft.com/developer/msbuild/2003">
  <ItemGroup>
    <Filter Include="SampleHelloWorld">
      <UniqueIdentifier>{4812c600-1588-46e8-98cd-cea9fac0eeea}</UniqueIdentifier>
    </Filter>
    <Filter Include="SampleBridges">
      <UniqueIdentifier>{2016282f-6eaa-4adf-8f49-2008a36a9a06}</UniqueIdentifier>
    </Filter>
    <Filter Include="SampleCharacterCloth">
      <UniqueIdentifier>{c06f2f10-f536-45d7-bbe8-9b77f9242b01}</UniqueIdentifier>
    </Filter>
    <Filter Include="SampleVehicle">
      <UniqueIdentifier>{db382aff-d864-4f72-8af9-a40c9b9469c3}</UniqueIdentifier>
    </Filter>
    <Filter Include="SampleParticles">
      <UniqueIdentifier>{9a5dbeff-651d-4749-864c-bd4ddccd2322}</UniqueIdentifier>
    </Filter>
    <Filter Include="SampleSubmarine">
      <UniqueIdentifier>{379c77d5-2eee-408e-8d3f-98773917cb9b}</UniqueIdentifier>
    </Filter>
    <Filter Include="SampleNorthPole">
      <UniqueIdentifier>{a5a7acaf-bd34-4c9e-9137-dbd74ebe0325}</UniqueIdentifier>
    </Filter>
    <Filter Include="SampleCustomGravity">
      <UniqueIdentifier>{d830331d-d48a-42cc-a241-55a13b178118}</UniqueIdentifier>
    </Filter>
    <Filter Include="Shared CCT code">
      <UniqueIdentifier>{6c4e4b9c-da4d-47f8-a80b-97f18b5d1ef3}</UniqueIdentifier>
    </Filter>
  </ItemGroup>
  <ItemGroup>
    <ClCompile Include="..\..\SampleHelloWorld\SampleHelloWorld.cpp">
      <Filter>SampleHelloWorld</Filter>
    </ClCompile>
    <ClCompile Include="..\..\SampleBridges\SampleBridges.cpp">
      <Filter>SampleBridges</Filter>
    </ClCompile>
    <ClCompile Include="..\..\SampleBridges\SampleBridgesCCT.cpp">
      <Filter>SampleBridges</Filter>
    </ClCompile>
    <ClCompile Include="..\..\SampleCharacterCloth\SampleCharacterClothCameraController.cpp">
      <Filter>SampleCharacterCloth</Filter>
    </ClCompile>
    <ClCompile Include="..\..\SampleCharacterCloth\SampleCharacterClothFlag.cpp">
      <Filter>SampleCharacterCloth</Filter>
    </ClCompile>
    <ClCompile Include="..\..\SampleCharacterCloth\SampleCharacterClothJump.cpp">
      <Filter>SampleCharacterCloth</Filter>
    </ClCompile>
    <ClCompile Include="..\..\SampleCharacterCloth\SampleCharacterCloth_CCT.cpp">
      <Filter>SampleCharacterCloth</Filter>
    </ClCompile>
    <ClCompile Include="..\..\SampleCharacterCloth\SampleCharacterCloth_ClothController.cpp">
      <Filter>SampleCharacterCloth</Filter>
    </ClCompile>
    <ClCompile Include="..\..\SampleCharacterCloth\SampleCharacterCloth_Main.cpp">
      <Filter>SampleCharacterCloth</Filter>
    </ClCompile>
    <ClCompile Include="..\..\SampleCharacterCloth\SampleCharacterCloth_TerrainBuilder.cpp">
      <Filter>SampleCharacterCloth</Filter>
    </ClCompile>
    <ClCompile Include="..\..\SampleVehicle\SampleVehicle.cpp">
      <Filter>SampleVehicle</Filter>
    </ClCompile>
    <ClCompile Include="..\..\SampleVehicle\SampleVehicleDebugRender.cpp">
      <Filter>SampleVehicle</Filter>
    </ClCompile>
    <ClCompile Include="..\..\SampleVehicle\SampleVehicleTerrain.cpp">
      <Filter>SampleVehicle</Filter>
    </ClCompile>
    <ClCompile Include="..\..\SampleVehicle\SampleVehicle_CameraController.cpp">
      <Filter>SampleVehicle</Filter>
    </ClCompile>
    <ClCompile Include="..\..\SampleVehicle\SampleVehicle_ControlInputs.cpp">
      <Filter>SampleVehicle</Filter>
    </ClCompile>
    <ClCompile Include="..\..\SampleVehicle\SampleVehicle_GameLogic.cpp">
      <Filter>SampleVehicle</Filter>
    </ClCompile>
    <ClCompile Include="..\..\SampleVehicle\SampleVehicle_SceneQuery.cpp">
      <Filter>SampleVehicle</Filter>
    </ClCompile>
    <ClCompile Include="..\..\SampleVehicle\SampleVehicle_VehicleController.cpp">
      <Filter>SampleVehicle</Filter>
    </ClCompile>
    <ClCompile Include="..\..\SampleVehicle\SampleVehicle_VehicleCooking.cpp">
      <Filter>SampleVehicle</Filter>
    </ClCompile>
    <ClCompile Include="..\..\SampleVehicle\SampleVehicle_VehicleManager.cpp">
      <Filter>SampleVehicle</Filter>
    </ClCompile>
    <ClCompile Include="..\..\SampleParticles\SampleParticles.cpp">
      <Filter>SampleParticles</Filter>
    </ClCompile>
    <ClCompile Include="..\..\SampleSubmarine\Crab.cpp">
      <Filter>SampleSubmarine</Filter>
    </ClCompile>
    <ClCompile Include="..\..\SampleSubmarine\SampleSubmarine.cpp">
      <Filter>SampleSubmarine</Filter>
    </ClCompile>
    <ClCompile Include="..\..\SampleNorthPole\SampleNorthPole.cpp">
      <Filter>SampleNorthPole</Filter>
    </ClCompile>
    <ClCompile Include="..\..\SampleNorthPole\SampleNorthPoleBuilder.cpp">
      <Filter>SampleNorthPole</Filter>
    </ClCompile>
    <ClCompile Include="..\..\SampleNorthPole\SampleNorthPoleCameraController.cpp">
      <Filter>SampleNorthPole</Filter>
    </ClCompile>
    <ClCompile Include="..\..\SampleNorthPole\SampleNorthPoleCCT.cpp">
      <Filter>SampleNorthPole</Filter>
    </ClCompile>
    <ClCompile Include="..\..\SampleNorthPole\SampleNorthPoleDynamics.cpp">
      <Filter>SampleNorthPole</Filter>
    </ClCompile>
    <ClCompile Include="..\..\SampleNorthPole\SampleNorthPoleFilterShader.cpp">
      <Filter>SampleNorthPole</Filter>
    </ClCompile>
    <ClCompile Include="..\..\SampleCustomGravity\Planet.cpp">
      <Filter>SampleCustomGravity</Filter>
    </ClCompile>
    <ClCompile Include="..\..\SampleCustomGravity\SampleCustomGravity.cpp">
      <Filter>SampleCustomGravity</Filter>
    </ClCompile>
    <ClCompile Include="..\..\SampleCustomGravity\SampleCustomGravityBuilder.cpp">
      <Filter>SampleCustomGravity</Filter>
    </ClCompile>
    <ClCompile Include="..\..\SampleCustomGravity\SampleCustomGravityCameraController.cpp">
      <Filter>SampleCustomGravity</Filter>
    </ClCompile>
    <ClCompile Include="..\..\SampleCustomGravity\SampleCustomGravityFilterShader.cpp">
      <Filter>SampleCustomGravity</Filter>
    </ClCompile>
    <ClCompile Include="..\..\SampleCustomGravity\SampleCustomGravity_CCT.cpp">
      <Filter>SampleCustomGravity</Filter>
    </ClCompile>
    <ClCompile Include="..\..\SampleCCTSharedCode\KinematicPlatform.cpp">
      <Filter>Shared CCT code</Filter>
    </ClCompile>
    <ClCompile Include="..\..\SampleCCTSharedCode\SampleCCTActor.cpp">
      <Filter>Shared CCT code</Filter>
    </ClCompile>
    <ClCompile Include="..\..\SampleCCTSharedCode\SampleCCTCameraController.cpp">
      <Filter>Shared CCT code</Filter>
    </ClCompile>
    <ClCompile Include="..\..\SampleCCTSharedCode\SampleCCTJump.cpp">
      <Filter>Shared CCT code</Filter>
    </ClCompile>
  </ItemGroup>
  <ItemGroup>
    <ClInclude Include="..\..\SampleHelloWorld\SampleHelloWorld.h">
      <Filter>SampleHelloWorld</Filter>
    </ClInclude>
    <ClInclude Include="..\..\SampleBridges\SampleBridges.h">
      <Filter>SampleBridges</Filter>
    </ClInclude>
    <ClInclude Include="..\..\SampleBridges\SampleBridgesInputEventIds.h">
      <Filter>SampleBridges</Filter>
    </ClInclude>
    <ClInclude Include="..\..\SampleBridges\SampleBridgesSettings.h">
      <Filter>SampleBridges</Filter>
    </ClInclude>
    <ClInclude Include="..\..\SampleCharacterCloth\SampleCharacterCloth.h">
      <Filter>SampleCharacterCloth</Filter>
    </ClInclude>
    <ClInclude Include="..\..\SampleCharacterCloth\SampleCharacterClothCameraController.h">
      <Filter>SampleCharacterCloth</Filter>
    </ClInclude>
    <ClInclude Include="..\..\SampleCharacterCloth\SampleCharacterClothFlag.h">
      <Filter>SampleCharacterCloth</Filter>
    </ClInclude>
    <ClInclude Include="..\..\SampleCharacterCloth\SampleCharacterClothInputEventIds.h">
      <Filter>SampleCharacterCloth</Filter>
    </ClInclude>
    <ClInclude Include="..\..\SampleCharacterCloth\SampleCharacterClothJump.h">
      <Filter>SampleCharacterCloth</Filter>
    </ClInclude>
    <ClInclude Include="..\..\SampleVehicle\SampleVehicle.h">
      <Filter>SampleVehicle</Filter>
    </ClInclude>
    <ClInclude Include="..\..\SampleVehicle\SampleVehicleInputEventIds.h">
      <Filter>SampleVehicle</Filter>
    </ClInclude>
    <ClInclude Include="..\..\SampleVehicle\SampleVehicle_CameraController.h">
      <Filter>SampleVehicle</Filter>
    </ClInclude>
    <ClInclude Include="..\..\SampleVehicle\SampleVehicle_ControlInputs.h">
      <Filter>SampleVehicle</Filter>
    </ClInclude>
    <ClInclude Include="..\..\SampleVehicle\SampleVehicle_GameLogic.h">
      <Filter>SampleVehicle</Filter>
    </ClInclude>
    <ClInclude Include="..\..\SampleVehicle\SampleVehicle_SceneQuery.h">
      <Filter>SampleVehicle</Filter>
    </ClInclude>
    <ClInclude Include="..\..\SampleVehicle\SampleVehicle_VehicleController.h">
      <Filter>SampleVehicle</Filter>
    </ClInclude>
    <ClInclude Include="..\..\SampleVehicle\SampleVehicle_VehicleCooking.h">
      <Filter>SampleVehicle</Filter>
    </ClInclude>
    <ClInclude Include="..\..\SampleVehicle\SampleVehicle_VehicleManager.h">
      <Filter>SampleVehicle</Filter>
    </ClInclude>
    <ClInclude Include="..\..\SampleParticles\SampleParticles.h">
      <Filter>SampleParticles</Filter>
    </ClInclude>
    <ClInclude Include="..\..\SampleParticles\SampleParticlesInputEventIds.h">
      <Filter>SampleParticles</Filter>
    </ClInclude>
    <ClInclude Include="..\..\SampleSubmarine\Crab.h">
      <Filter>SampleSubmarine</Filter>
    </ClInclude>
    <ClInclude Include="..\..\SampleSubmarine\SampleSubmarine.h">
      <Filter>SampleSubmarine</Filter>
    </ClInclude>
    <ClInclude Include="..\..\SampleSubmarine\SampleSubmarineInputEventIds.h">
      <Filter>SampleSubmarine</Filter>
    </ClInclude>
    <ClInclude Include="..\..\SampleSubmarine\SubmarineCameraController.h">
      <Filter>SampleSubmarine</Filter>
    </ClInclude>
    <ClInclude Include="..\..\SampleNorthPole\SampleNorthPole.h">
      <Filter>SampleNorthPole</Filter>
    </ClInclude>
    <ClInclude Include="..\..\SampleNorthPole\SampleNorthPoleCameraController.h">
      <Filter>SampleNorthPole</Filter>
    </ClInclude>
    <ClInclude Include="..\..\SampleNorthPole\SampleNorthPoleInputEventIds.h">
      <Filter>SampleNorthPole</Filter>
    </ClInclude>
    <ClInclude Include="..\..\SampleCustomGravity\Planet.h">
      <Filter>SampleCustomGravity</Filter>
    </ClInclude>
    <ClInclude Include="..\..\SampleCustomGravity\SampleCustomGravity.h">
      <Filter>SampleCustomGravity</Filter>
    </ClInclude>
    <ClInclude Include="..\..\SampleCustomGravity\SampleCustomGravityCameraController.h">
      <Filter>SampleCustomGravity</Filter>
    </ClInclude>
    <ClInclude Include="..\..\SampleCustomGravity\SampleCustomGravityInputEventIds.h">
      <Filter>SampleCustomGravity</Filter>
    </ClInclude>
    <ClInclude Include="..\..\SampleCCTSharedCode\KinematicPlatform.h">
      <Filter>Shared CCT code</Filter>
    </ClInclude>
    <ClInclude Include="..\..\SampleCCTSharedCode\SampleCCTActor.h">
      <Filter>Shared CCT code</Filter>
    </ClInclude>
    <ClInclude Include="..\..\SampleCCTSharedCode\SampleCCTCameraController.h">
      <Filter>Shared CCT code</Filter>
    </ClInclude>
    <ClInclude Include="..\..\SampleCCTSharedCode\SampleCCTJump.h">
      <Filter>Shared CCT code</Filter>
    </ClInclude>
  </ItemGroup>
</Project>