<?xml version="1.0" encoding="utf-8"?>
<Project ToolsVersion="4.0" xmlns="http://schemas.microsoft.com/developer/msbuild/2003">
  <ItemGroup>
    <Filter Include="include">
      <UniqueIdentifier>{f6576936-3e90-41d9-beb3-68ce6f6ad21d}</UniqueIdentifier>
    </Filter>
    <Filter Include="src">
      <UniqueIdentifier>{d1025f4f-e128-43e6-be5e-0273fc253ef4}</UniqueIdentifier>
    </Filter>
  </ItemGroup>
  <ItemGroup>
    <ClInclude Include="..\..\include\PxTkBmpLoader.h">
      <Filter>include</Filter>
    </ClInclude>
    <ClInclude Include="..\..\include\PxTkFPS.h">
      <Filter>include</Filter>
    </ClInclude>
    <ClInclude Include="..\..\include\PxTkMatrixUtils.h">
      <Filter>include</Filter>
    </ClInclude>
    <ClInclude Include="..\..\include\PxTkNamespaceMangle.h">
      <Filter>include</Filter>
    </ClInclude>
    <ClInclude Include="..\..\include\PxTkRandom.h">
      <Filter>include</Filter>
    </ClInclude>
    <ClInclude Include="..\..\include\PxTkRepX.h">
      <Filter>include</Filter>
    </ClInclude>
    <ClInclude Include="..\..\include\PxTkStream.h">
      <Filter>include</Filter>
    </ClInclude>
    <ClInclude Include="..\..\include\PxToolkit.h">
      <Filter>include</Filter>
    </ClInclude>
  </ItemGroup>
  <ItemGroup>
    <ClCompile Include="..\..\src\PxTkBmpLoader.cpp">
      <Filter>src</Filter>
    </ClCompile>
    <ClCompile Include="..\..\src\PxTkFPS.cpp">
      <Filter>src</Filter>
    </ClCompile>
    <ClCompile Include="..\..\src\PxTkMatrixUtils.cpp">
      <Filter>src</Filter>
    </ClCompile>
    <ClCompile Include="..\..\src\PxTkRandom.cpp">
      <Filter>src</Filter>
    </ClCompile>
    <ClCompile Include="..\..\src\PxTkRepX.cpp">
      <Filter>src</Filter>
    </ClCompile>
    <ClCompile Include="..\..\src\PxTkStream.cpp">
      <Filter>src</Filter>
    </ClCompile>
  </ItemGroup>
</Project>