<?xml version="1.0" encoding="utf-8"?>
<Project ToolsVersion="4.0" xmlns="http://schemas.microsoft.com/developer/msbuild/2003">
  <ItemGroup>
    <Filter Include="Common">
      <UniqueIdentifier>b166beb0-3039-42f9-91d1-841ce43d62fc</UniqueIdentifier>
    </Filter>
    <Filter Include="Assets">
      <UniqueIdentifier>61376f83-271c-45ef-9003-bae032290328</UniqueIdentifier>
      <Extensions>ico;cur;bmp;dds;dlg;fbx;rct;bin;rgs;gif;jpg;jpeg;jpe;resx;tga;tiff;tif;png;wav;mfcribbon-ms</Extensions>
    </Filter>
    <Filter Include="Header Files">
      <UniqueIdentifier>{2238dcde-3091-4f34-82be-5ca78c26b258}</UniqueIdentifier>
    </Filter>
    <Filter Include="Source Files">
      <UniqueIdentifier>{2abc491e-b92b-4034-89b2-fb2befec30a8}</UniqueIdentifier>
    </Filter>
    <Filter Include="Assets\Textures">
      <UniqueIdentifier>{41838444-a768-4742-8b02-d716fc1baf2d}</UniqueIdentifier>
    </Filter>
    <Filter Include="Source Files\Model">
      <UniqueIdentifier>{fc512616-7b37-40d0-9724-13fbee6b8355}</UniqueIdentifier>
    </Filter>
    <Filter Include="Source Files\Controller">
      <UniqueIdentifier>{4b2b7fff-221e-4b74-8db8-c96ede2a2ebf}</UniqueIdentifier>
    </Filter>
    <Filter Include="Source Files\Dependency">
      <UniqueIdentifier>{89aeafef-8ce1-4613-a04a-ca0671313abf}</UniqueIdentifier>
    </Filter>
    <Filter Include="Header Files\Model">
      <UniqueIdentifier>{21e8c39a-0fbe-41c3-a57e-95db99935a2d}</UniqueIdentifier>
    </Filter>
    <Filter Include="Header Files\Controller">
      <UniqueIdentifier>{849d3ccf-3cec-40cb-99d6-3ac3e78377f8}</UniqueIdentifier>
    </Filter>
    <Filter Include="Header Files\Dependency">
      <UniqueIdentifier>{6a0929fe-12a0-4948-8a33-37135a8be390}</UniqueIdentifier>
    </Filter>
  </ItemGroup>
  <ItemGroup>
    <ClInclude Include="CameraController.h">
      <Filter>Header Files\Controller</Filter>
    </ClInclude>
    <ClInclude Include="ModelController.h">
      <Filter>Header Files\Controller</Filter>
    </ClInclude>
    <ClInclude Include="DeviceResources.h">
      <Filter>Header Files\Dependency</Filter>
    </ClInclude>
    <ClInclude Include="Entity.h">
      <Filter>Header Files\Model</Filter>
    </ClInclude>
    <ClInclude Include="ModelData.h">
      <Filter>Header Files\Model</Filter>
    </ClInclude>
    <ClInclude Include="Game.h">
      <Filter>Header Files\Dependency</Filter>
    </ClInclude>
    <ClInclude Include="pch.h">
      <Filter>Header Files\Dependency</Filter>
    </ClInclude>
    <ClInclude Include="StepTimer.h">
      <Filter>Header Files\Dependency</Filter>
    </ClInclude>
  </ItemGroup>
  <ItemGroup>
    <ClCompile Include="CameraController.cpp">
      <Filter>Source Files\Controller</Filter>
    </ClCompile>
    <ClCompile Include="ModelController.cpp">
      <Filter>Source Files\Controller</Filter>
    </ClCompile>
    <ClCompile Include="Entity.cpp">
      <Filter>Source Files\Model</Filter>
    </ClCompile>
    <ClCompile Include="DeviceResources.cpp">
      <Filter>Source Files\Dependency</Filter>
    </ClCompile>
    <ClCompile Include="Game.cpp">
      <Filter>Source Files\Dependency</Filter>
    </ClCompile>
    <ClCompile Include="Main.cpp">
      <Filter>Source Files\Dependency</Filter>
    </ClCompile>
    <ClCompile Include="ModelData.cpp">
      <Filter>Source Files\Model</Filter>
    </ClCompile>
    <ClCompile Include="pch.cpp">
      <Filter>Source Files\Dependency</Filter>
    </ClCompile>
  </ItemGroup>
  <ItemGroup>
    <ResourceCompile Include="resource.rc" />
  </ItemGroup>
  <ItemGroup>
    <Image Include="directx.ico">
      <Filter>Assets</Filter>
    </Image>
    <Image Include="..\cup.jpg">
      <Filter>Assets</Filter>
    </Image>
    <Image Include="..\..\..\Keyboard Input Tutorial\Direct3D Win32 Game2\sunset.jpg">
      <Filter>Assets\Textures</Filter>
    </Image>
    <Image Include="..\..\..\Keyboard Input Tutorial\Direct3D Win32 Game2\cat.DDS">
      <Filter>Assets\Textures</Filter>
    </Image>
    <Image Include="..\..\..\Keyboard Input Tutorial\Direct3D Win32 Game2\cat.png">
      <Filter>Assets\Textures</Filter>
    </Image>
    <Image Include="..\..\..\Keyboard Input Tutorial\Direct3D Win32 Game2\roomtexture.dds">
      <Filter>Assets\Textures</Filter>
    </Image>
    <Image Include="..\..\..\Keyboard Input Tutorial\Direct3D Win32 Game2\Sheep D.dds">
      <Filter>Assets\Textures</Filter>
    </Image>
  </ItemGroup>
  <ItemGroup>
    <Manifest Include="settings.manifest">
      <Filter>Assets</Filter>
    </Manifest>
  </ItemGroup>
  <ItemGroup>
    <None Include="..\cup.cmo">
      <Filter>Assets</Filter>
    </None>
  </ItemGroup>
</Project>